
Microsoft Visual Studio Solution File, Format Version 12.00
# Visual Studio Version 16
VisualStudioVersion = 16.0.30717.126
MinimumVisualStudioVersion = 10.0.40219.1
Project("{FAE04EC0-301F-11D3-BF4B-00C04F79EFBC}") = "GitSecretsHelper", "GitSecretsHelper\GitSecretsHelper.csproj", "{87359F52-270D-4A3F-A51C-4D182B2F43CB}"
EndProject
Global
	GlobalSection(SolutionConfigurationPlatforms) = preSolution
		Debug|Any CPU = Debug|Any CPU
		Release|Any CPU = Release|Any CPU
	EndGlobalSection
	GlobalSection(ProjectConfigurationPlatforms) = postSolution
		{87359F52-270D-4A3F-A51C-4D182B2F43CB}.Debug|Any CPU.ActiveCfg = Debug|Any CPU
		{87359F52-270D-4A3F-A51C-4D182B2F43CB}.Debug|Any CPU.Build.0 = Debug|Any CPU
		{87359F52-270D-4A3F-A51C-4D182B2F43CB}.Release|Any CPU.ActiveCfg = Release|Any CPU
		{87359F52-270D-4A3F-A51C-4D182B2F43CB}.Release|Any CPU.Build.0 = Release|Any CPU
	EndGlobalSection
	GlobalSection(SolutionProperties) = preSolution
		HideSolutionNode = FALSE
	EndGlobalSection
	GlobalSection(ExtensibilityGlobals) = postSolution
		SolutionGuid = {B5DC1824-9045-42D6-8474-9A0220449C85}
	EndGlobalSection
EndGlobal
