
Microsoft Visual Studio Solution File, Format Version 12.00
# Visual Studio Version 16
VisualStudioVersion = 16.0.30711.63
MinimumVisualStudioVersion = 10.0.40219.1
Project("{FAE04EC0-301F-11D3-BF4B-00C04F79EFBC}") = "VCHelper.Android", "VCHelper\VCHelper.Android\VCHelper.Android.csproj", "{C6FC41B8-726A-4C2A-97B0-2832B87497F2}"
EndProject
Project("{FAE04EC0-301F-11D3-BF4B-00C04F79EFBC}") = "VCHelper.iOS", "VCHelper\VCHelper.iOS\VCHelper.iOS.csproj", "{052B569E-037B-4D63-AD52-1A1304FD944D}"
EndProject
Project("{FAE04EC0-301F-11D3-BF4B-00C04F79EFBC}") = "VCHelper", "VCHelper\VCHelper\VCHelper.csproj", "{C5197BE5-52E6-4343-8240-D7122EA495F5}"
EndProject
Global
	GlobalSection(SolutionConfigurationPlatforms) = preSolution
		Debug|Any CPU = Debug|Any CPU
		Debug|iPhone = Debug|iPhone
		Debug|iPhoneSimulator = Debug|iPhoneSimulator
		Release|Any CPU = Release|Any CPU
		Release|iPhone = Release|iPhone
		Release|iPhoneSimulator = Release|iPhoneSimulator
	EndGlobalSection
	GlobalSection(ProjectConfigurationPlatforms) = postSolution
		{C6FC41B8-726A-4C2A-97B0-2832B87497F2}.Debug|Any CPU.ActiveCfg = Debug|Any CPU
		{C6FC41B8-726A-4C2A-97B0-2832B87497F2}.Debug|Any CPU.Build.0 = Debug|Any CPU
		{C6FC41B8-726A-4C2A-97B0-2832B87497F2}.Debug|Any CPU.Deploy.0 = Debug|Any CPU
		{C6FC41B8-726A-4C2A-97B0-2832B87497F2}.Debug|iPhone.ActiveCfg = Debug|Any CPU
		{C6FC41B8-726A-4C2A-97B0-2832B87497F2}.Debug|iPhone.Build.0 = Debug|Any CPU
		{C6FC41B8-726A-4C2A-97B0-2832B87497F2}.Debug|iPhone.Deploy.0 = Debug|Any CPU
		{C6FC41B8-726A-4C2A-97B0-2832B87497F2}.Debug|iPhoneSimulator.ActiveCfg = Debug|Any CPU
		{C6FC41B8-726A-4C2A-97B0-2832B87497F2}.Debug|iPhoneSimulator.Build.0 = Debug|Any CPU
		{C6FC41B8-726A-4C2A-97B0-2832B87497F2}.Debug|iPhoneSimulator.Deploy.0 = Debug|Any CPU
		{C6FC41B8-726A-4C2A-97B0-2832B87497F2}.Release|Any CPU.ActiveCfg = Release|Any CPU
		{C6FC41B8-726A-4C2A-97B0-2832B87497F2}.Release|Any CPU.Build.0 = Release|Any CPU
		{C6FC41B8-726A-4C2A-97B0-2832B87497F2}.Release|Any CPU.Deploy.0 = Release|Any CPU
		{C6FC41B8-726A-4C2A-97B0-2832B87497F2}.Release|iPhone.ActiveCfg = Release|Any CPU
		{C6FC41B8-726A-4C2A-97B0-2832B87497F2}.Release|iPhone.Build.0 = Release|Any CPU
		{C6FC41B8-726A-4C2A-97B0-2832B87497F2}.Release|iPhone.Deploy.0 = Release|Any CPU
		{C6FC41B8-726A-4C2A-97B0-2832B87497F2}.Release|iPhoneSimulator.ActiveCfg = Release|Any CPU
		{C6FC41B8-726A-4C2A-97B0-2832B87497F2}.Release|iPhoneSimulator.Build.0 = Release|Any CPU
		{C6FC41B8-726A-4C2A-97B0-2832B87497F2}.Release|iPhoneSimulator.Deploy.0 = Release|Any CPU
		{052B569E-037B-4D63-AD52-1A1304FD944D}.Debug|Any CPU.ActiveCfg = Debug|iPhone
		{052B569E-037B-4D63-AD52-1A1304FD944D}.Debug|Any CPU.Build.0 = Debug|iPhone
		{052B569E-037B-4D63-AD52-1A1304FD944D}.Debug|Any CPU.Deploy.0 = Debug|iPhone
		{052B569E-037B-4D63-AD52-1A1304FD944D}.Debug|iPhone.ActiveCfg = Debug|iPhone
		{052B569E-037B-4D63-AD52-1A1304FD944D}.Debug|iPhone.Build.0 = Debug|iPhone
		{052B569E-037B-4D63-AD52-1A1304FD944D}.Debug|iPhone.Deploy.0 = Debug|iPhone
		{052B569E-037B-4D63-AD52-1A1304FD944D}.Debug|iPhoneSimulator.ActiveCfg = Debug|iPhoneSimulator
		{052B569E-037B-4D63-AD52-1A1304FD944D}.Debug|iPhoneSimulator.Build.0 = Debug|iPhoneSimulator
		{052B569E-037B-4D63-AD52-1A1304FD944D}.Debug|iPhoneSimulator.Deploy.0 = Debug|iPhoneSimulator
		{052B569E-037B-4D63-AD52-1A1304FD944D}.Release|Any CPU.ActiveCfg = Release|iPhoneSimulator
		{052B569E-037B-4D63-AD52-1A1304FD944D}.Release|Any CPU.Build.0 = Release|iPhoneSimulator
		{052B569E-037B-4D63-AD52-1A1304FD944D}.Release|Any CPU.Deploy.0 = Release|iPhoneSimulator
		{052B569E-037B-4D63-AD52-1A1304FD944D}.Release|iPhone.ActiveCfg = Release|iPhone
		{052B569E-037B-4D63-AD52-1A1304FD944D}.Release|iPhone.Build.0 = Release|iPhone
		{052B569E-037B-4D63-AD52-1A1304FD944D}.Release|iPhone.Deploy.0 = Release|iPhone
		{052B569E-037B-4D63-AD52-1A1304FD944D}.Release|iPhoneSimulator.ActiveCfg = Release|iPhoneSimulator
		{052B569E-037B-4D63-AD52-1A1304FD944D}.Release|iPhoneSimulator.Build.0 = Release|iPhoneSimulator
		{052B569E-037B-4D63-AD52-1A1304FD944D}.Release|iPhoneSimulator.Deploy.0 = Release|iPhoneSimulator
		{C5197BE5-52E6-4343-8240-D7122EA495F5}.Debug|Any CPU.ActiveCfg = Debug|Any CPU
		{C5197BE5-52E6-4343-8240-D7122EA495F5}.Debug|Any CPU.Build.0 = Debug|Any CPU
		{C5197BE5-52E6-4343-8240-D7122EA495F5}.Debug|Any CPU.Deploy.0 = Debug|Any CPU
		{C5197BE5-52E6-4343-8240-D7122EA495F5}.Debug|iPhone.ActiveCfg = Debug|Any CPU
		{C5197BE5-52E6-4343-8240-D7122EA495F5}.Debug|iPhone.Build.0 = Debug|Any CPU
		{C5197BE5-52E6-4343-8240-D7122EA495F5}.Debug|iPhone.Deploy.0 = Debug|Any CPU
		{C5197BE5-52E6-4343-8240-D7122EA495F5}.Debug|iPhoneSimulator.ActiveCfg = Debug|Any CPU
		{C5197BE5-52E6-4343-8240-D7122EA495F5}.Debug|iPhoneSimulator.Build.0 = Debug|Any CPU
		{C5197BE5-52E6-4343-8240-D7122EA495F5}.Debug|iPhoneSimulator.Deploy.0 = Debug|Any CPU
		{C5197BE5-52E6-4343-8240-D7122EA495F5}.Release|Any CPU.ActiveCfg = Release|Any CPU
		{C5197BE5-52E6-4343-8240-D7122EA495F5}.Release|Any CPU.Build.0 = Release|Any CPU
		{C5197BE5-52E6-4343-8240-D7122EA495F5}.Release|Any CPU.Deploy.0 = Release|Any CPU
		{C5197BE5-52E6-4343-8240-D7122EA495F5}.Release|iPhone.ActiveCfg = Release|Any CPU
		{C5197BE5-52E6-4343-8240-D7122EA495F5}.Release|iPhone.Build.0 = Release|Any CPU
		{C5197BE5-52E6-4343-8240-D7122EA495F5}.Release|iPhone.Deploy.0 = Release|Any CPU
		{C5197BE5-52E6-4343-8240-D7122EA495F5}.Release|iPhoneSimulator.ActiveCfg = Release|Any CPU
		{C5197BE5-52E6-4343-8240-D7122EA495F5}.Release|iPhoneSimulator.Build.0 = Release|Any CPU
		{C5197BE5-52E6-4343-8240-D7122EA495F5}.Release|iPhoneSimulator.Deploy.0 = Release|Any CPU
	EndGlobalSection
	GlobalSection(SolutionProperties) = preSolution
		HideSolutionNode = FALSE
	EndGlobalSection
	GlobalSection(ExtensibilityGlobals) = postSolution
		SolutionGuid = {E952F323-DDF1-4D61-AF8B-56EDA6EEEC9D}
	EndGlobalSection
EndGlobal
